
Microsoft Visual Studio Solution File, Format Version 12.00
# Visual Studio Version 17
VisualStudioVersion = 17.9.34728.123
MinimumVisualStudioVersion = 10.0.40219.1
Project("{FAE04EC0-301F-11D3-BF4B-00C04F79EFBC}") = "SamV2ConfHelper", "SamV2ConfHelper.csproj", "{2A3872C1-4A08-448E-8325-09442BC18B1B}"
EndProject
Global
	GlobalSection(SolutionConfigurationPlatforms) = preSolution
		Debug|x64 = Debug|x64
		Release|x64 = Release|x64
	EndGlobalSection
	GlobalSection(ProjectConfigurationPlatforms) = postSolution
		{2A3872C1-4A08-448E-8325-09442BC18B1B}.Debug|x64.ActiveCfg = Debug|x64
		{2A3872C1-4A08-448E-8325-09442BC18B1B}.Debug|x64.Build.0 = Debug|x64
		{2A3872C1-4A08-448E-8325-09442BC18B1B}.Release|x64.ActiveCfg = Release|x64
		{2A3872C1-4A08-448E-8325-09442BC18B1B}.Release|x64.Build.0 = Release|x64
	EndGlobalSection
	GlobalSection(SolutionProperties) = preSolution
		HideSolutionNode = FALSE
	EndGlobalSection
	GlobalSection(ExtensibilityGlobals) = postSolution
		SolutionGuid = {E1C17894-2D92-4ACF-9690-512DA39DCD06}
	EndGlobalSection
EndGlobal
